
Microsoft Visual Studio Solution File, Format Version 12.00
# Visual Studio Version 16
VisualStudioVersion = 16.0.29905.134
MinimumVisualStudioVersion = 10.0.40219.1
Project("{9A19103F-16F7-4668-BE54-9A1E7A4F7556}") = "User.Interfaces", "src\User.Interfaces\User.Interfaces.csproj", "{711F10B6-7963-467D-B644-9BB159E55164}"
EndProject
Project("{2150E333-8FDC-42A3-9474-1A3956D46DE8}") = "services", "services", "{520C1C0C-4A14-4293-9A10-52F41DEDBE72}"
EndProject
Project("{9A19103F-16F7-4668-BE54-9A1E7A4F7556}") = "User.Service.Memory", "src\User.Service.Memory\User.Service.Memory.csproj", "{EA2076B5-439C-4152-9212-7D7A07C2CEEB}"
EndProject
Project("{9A19103F-16F7-4668-BE54-9A1E7A4F7556}") = "Web", "src\Web\Web.csproj", "{86C199AA-775F-452D-A197-C183AB9C8A66}"
EndProject
Project("{9A19103F-16F7-4668-BE54-9A1E7A4F7556}") = "Applications.Interfaces", "src\Applications.Interfaces\Applications.Interfaces.csproj", "{D417464B-990D-43EC-B43A-E0CBC5979A4B}"
EndProject
Project("{9A19103F-16F7-4668-BE54-9A1E7A4F7556}") = "OakAuth.Utilities", "src\OakAuth.Utilities\OakAuth.Utilities.csproj", "{EA0B58F8-FE6C-42C4-96AE-729833F3FDA3}"
EndProject
Project("{9A19103F-16F7-4668-BE54-9A1E7A4F7556}") = "Applications.Sqlite", "src\Applications.Sqlite\Applications.Sqlite.csproj", "{B8583D90-694E-4471-A0C6-BC5C59AF1307}"
EndProject
Project("{FAE04EC0-301F-11D3-BF4B-00C04F79EFBC}") = "DataProvider.Sqlite", "src\DataProvider.Sqlite\DataProvider.Sqlite.csproj", "{4F6D9DE3-C1E9-485C-946D-6B890D2141FD}"
EndProject
Global
	GlobalSection(SolutionConfigurationPlatforms) = preSolution
		Debug|Any CPU = Debug|Any CPU
		Release|Any CPU = Release|Any CPU
	EndGlobalSection
	GlobalSection(ProjectConfigurationPlatforms) = postSolution
		{711F10B6-7963-467D-B644-9BB159E55164}.Debug|Any CPU.ActiveCfg = Debug|Any CPU
		{711F10B6-7963-467D-B644-9BB159E55164}.Debug|Any CPU.Build.0 = Debug|Any CPU
		{711F10B6-7963-467D-B644-9BB159E55164}.Release|Any CPU.ActiveCfg = Release|Any CPU
		{711F10B6-7963-467D-B644-9BB159E55164}.Release|Any CPU.Build.0 = Release|Any CPU
		{EA2076B5-439C-4152-9212-7D7A07C2CEEB}.Debug|Any CPU.ActiveCfg = Debug|Any CPU
		{EA2076B5-439C-4152-9212-7D7A07C2CEEB}.Debug|Any CPU.Build.0 = Debug|Any CPU
		{EA2076B5-439C-4152-9212-7D7A07C2CEEB}.Release|Any CPU.ActiveCfg = Release|Any CPU
		{EA2076B5-439C-4152-9212-7D7A07C2CEEB}.Release|Any CPU.Build.0 = Release|Any CPU
		{86C199AA-775F-452D-A197-C183AB9C8A66}.Debug|Any CPU.ActiveCfg = Debug|Any CPU
		{86C199AA-775F-452D-A197-C183AB9C8A66}.Debug|Any CPU.Build.0 = Debug|Any CPU
		{86C199AA-775F-452D-A197-C183AB9C8A66}.Release|Any CPU.ActiveCfg = Release|Any CPU
		{86C199AA-775F-452D-A197-C183AB9C8A66}.Release|Any CPU.Build.0 = Release|Any CPU
		{D417464B-990D-43EC-B43A-E0CBC5979A4B}.Debug|Any CPU.ActiveCfg = Debug|Any CPU
		{D417464B-990D-43EC-B43A-E0CBC5979A4B}.Debug|Any CPU.Build.0 = Debug|Any CPU
		{D417464B-990D-43EC-B43A-E0CBC5979A4B}.Release|Any CPU.ActiveCfg = Release|Any CPU
		{D417464B-990D-43EC-B43A-E0CBC5979A4B}.Release|Any CPU.Build.0 = Release|Any CPU
		{EA0B58F8-FE6C-42C4-96AE-729833F3FDA3}.Debug|Any CPU.ActiveCfg = Debug|Any CPU
		{EA0B58F8-FE6C-42C4-96AE-729833F3FDA3}.Debug|Any CPU.Build.0 = Debug|Any CPU
		{EA0B58F8-FE6C-42C4-96AE-729833F3FDA3}.Release|Any CPU.ActiveCfg = Release|Any CPU
		{EA0B58F8-FE6C-42C4-96AE-729833F3FDA3}.Release|Any CPU.Build.0 = Release|Any CPU
		{B8583D90-694E-4471-A0C6-BC5C59AF1307}.Debug|Any CPU.ActiveCfg = Debug|Any CPU
		{B8583D90-694E-4471-A0C6-BC5C59AF1307}.Debug|Any CPU.Build.0 = Debug|Any CPU
		{B8583D90-694E-4471-A0C6-BC5C59AF1307}.Release|Any CPU.ActiveCfg = Release|Any CPU
		{B8583D90-694E-4471-A0C6-BC5C59AF1307}.Release|Any CPU.Build.0 = Release|Any CPU
		{4F6D9DE3-C1E9-485C-946D-6B890D2141FD}.Debug|Any CPU.ActiveCfg = Debug|Any CPU
		{4F6D9DE3-C1E9-485C-946D-6B890D2141FD}.Debug|Any CPU.Build.0 = Debug|Any CPU
		{4F6D9DE3-C1E9-485C-946D-6B890D2141FD}.Release|Any CPU.ActiveCfg = Release|Any CPU
		{4F6D9DE3-C1E9-485C-946D-6B890D2141FD}.Release|Any CPU.Build.0 = Release|Any CPU
	EndGlobalSection
	GlobalSection(SolutionProperties) = preSolution
		HideSolutionNode = FALSE
	EndGlobalSection
	GlobalSection(NestedProjects) = preSolution
		{711F10B6-7963-467D-B644-9BB159E55164} = {520C1C0C-4A14-4293-9A10-52F41DEDBE72}
		{EA2076B5-439C-4152-9212-7D7A07C2CEEB} = {520C1C0C-4A14-4293-9A10-52F41DEDBE72}
		{D417464B-990D-43EC-B43A-E0CBC5979A4B} = {520C1C0C-4A14-4293-9A10-52F41DEDBE72}
		{EA0B58F8-FE6C-42C4-96AE-729833F3FDA3} = {520C1C0C-4A14-4293-9A10-52F41DEDBE72}
		{B8583D90-694E-4471-A0C6-BC5C59AF1307} = {520C1C0C-4A14-4293-9A10-52F41DEDBE72}
		{4F6D9DE3-C1E9-485C-946D-6B890D2141FD} = {520C1C0C-4A14-4293-9A10-52F41DEDBE72}
	EndGlobalSection
	GlobalSection(ExtensibilityGlobals) = postSolution
		SolutionGuid = {7C123C26-10AC-47EA-B943-4B87C607E025}
	EndGlobalSection
EndGlobal
