
Microsoft Visual Studio Solution File, Format Version 12.00
# Visual Studio Version 16
VisualStudioVersion = 16.0.29905.134
MinimumVisualStudioVersion = 10.0.40219.1
Project("{FAE04EC0-301F-11D3-BF4B-00C04F79EFBC}") = "Test1", "Test1\Test1.csproj", "{3D176CE8-D0DE-451F-B957-A8D752628DAE}"
EndProject
Global
	GlobalSection(SolutionConfigurationPlatforms) = preSolution
		Debug|Any CPU = Debug|Any CPU
		Release|Any CPU = Release|Any CPU
	EndGlobalSection
	GlobalSection(ProjectConfigurationPlatforms) = postSolution
		{3D176CE8-D0DE-451F-B957-A8D752628DAE}.Debug|Any CPU.ActiveCfg = Debug|Any CPU
		{3D176CE8-D0DE-451F-B957-A8D752628DAE}.Debug|Any CPU.Build.0 = Debug|Any CPU
		{3D176CE8-D0DE-451F-B957-A8D752628DAE}.Release|Any CPU.ActiveCfg = Release|Any CPU
		{3D176CE8-D0DE-451F-B957-A8D752628DAE}.Release|Any CPU.Build.0 = Release|Any CPU
	EndGlobalSection
	GlobalSection(SolutionProperties) = preSolution
		HideSolutionNode = FALSE
	EndGlobalSection
	GlobalSection(ExtensibilityGlobals) = postSolution
		SolutionGuid = {7C123C26-10AC-47EA-B943-4B87C607E025}
	EndGlobalSection
EndGlobal
