
Microsoft Visual Studio Solution File, Format Version 12.00
# Visual Studio Version 16
VisualStudioVersion = 16.0.29905.134
MinimumVisualStudioVersion = 10.0.40219.1
Project("{2150E333-8FDC-42A3-9474-1A3956D46DE8}") = "Services", "Services", "{520C1C0C-4A14-4293-9A10-52F41DEDBE72}"
EndProject
Project("{9A19103F-16F7-4668-BE54-9A1E7A4F7556}") = "Web", "src\Web\Web.csproj", "{86C199AA-775F-452D-A197-C183AB9C8A66}"
EndProject
Project("{9A19103F-16F7-4668-BE54-9A1E7A4F7556}") = "OakAuth.Utilities", "src\OakAuth.Utilities\OakAuth.Utilities.csproj", "{EA0B58F8-FE6C-42C4-96AE-729833F3FDA3}"
EndProject
Project("{9A19103F-16F7-4668-BE54-9A1E7A4F7556}") = "DataProvider.Sqlite", "src\DataProvider.Sqlite\DataProvider.Sqlite.csproj", "{4F6D9DE3-C1E9-485C-946D-6B890D2141FD}"
EndProject
Project("{9A19103F-16F7-4668-BE54-9A1E7A4F7556}") = "DataProvider.Postgres", "src\DataProvider.Postgres\DataProvider.Postgres.csproj", "{2AAE616B-5034-4288-B14A-8D1F8EF284AE}"
EndProject
Project("{2150E333-8FDC-42A3-9474-1A3956D46DE8}") = "DataProviders", "DataProviders", "{3CBAAE7A-5439-4D24-93D8-D218A6B0FC91}"
EndProject
Project("{9A19103F-16F7-4668-BE54-9A1E7A4F7556}") = "DataProvider.SqlServer", "src\DataProvider.SqlServer\DataProvider.SqlServer.csproj", "{C37468FF-CBE0-49F8-A1E9-D5B8F0A22A21}"
EndProject
Project("{9A19103F-16F7-4668-BE54-9A1E7A4F7556}") = "DataProvider.MySql", "src\DataProvider.MySql\DataProvider.MySql.csproj", "{129BA8CB-80BB-42D0-8E43-45A2AAF8BD47}"
EndProject
Project("{9A19103F-16F7-4668-BE54-9A1E7A4F7556}") = "OakAuth.UnitTests", "test\OakAuth.UnitTests\OakAuth.UnitTests.csproj", "{2B4287AE-FCC2-4167-BCAE-8ED7A82A5E6B}"
EndProject
Project("{2150E333-8FDC-42A3-9474-1A3956D46DE8}") = "test", "test", "{28219C84-F8BE-4F58-B13F-23C096176D93}"
EndProject
Project("{2150E333-8FDC-42A3-9474-1A3956D46DE8}") = "src", "src", "{F84A8C13-B255-4A6C-8879-DA20D44C3D83}"
EndProject
Project("{9A19103F-16F7-4668-BE54-9A1E7A4F7556}") = "OakAuth.Interfaces", "src\OakAuth.Interfaces\OakAuth.Interfaces.csproj", "{4557EF65-9089-4163-B645-62FDD2BE2889}"
EndProject
Project("{9A19103F-16F7-4668-BE54-9A1E7A4F7556}") = "OakAuth.Service", "src\OakAuth.Service\OakAuth.Service.csproj", "{2240019F-11B1-4152-B14D-1A63E0881A24}"
EndProject
Global
	GlobalSection(SolutionConfigurationPlatforms) = preSolution
		Debug|Any CPU = Debug|Any CPU
		Release|Any CPU = Release|Any CPU
	EndGlobalSection
	GlobalSection(ProjectConfigurationPlatforms) = postSolution
		{86C199AA-775F-452D-A197-C183AB9C8A66}.Debug|Any CPU.ActiveCfg = Debug|Any CPU
		{86C199AA-775F-452D-A197-C183AB9C8A66}.Debug|Any CPU.Build.0 = Debug|Any CPU
		{86C199AA-775F-452D-A197-C183AB9C8A66}.Release|Any CPU.ActiveCfg = Release|Any CPU
		{86C199AA-775F-452D-A197-C183AB9C8A66}.Release|Any CPU.Build.0 = Release|Any CPU
		{EA0B58F8-FE6C-42C4-96AE-729833F3FDA3}.Debug|Any CPU.ActiveCfg = Debug|Any CPU
		{EA0B58F8-FE6C-42C4-96AE-729833F3FDA3}.Debug|Any CPU.Build.0 = Debug|Any CPU
		{EA0B58F8-FE6C-42C4-96AE-729833F3FDA3}.Release|Any CPU.ActiveCfg = Release|Any CPU
		{EA0B58F8-FE6C-42C4-96AE-729833F3FDA3}.Release|Any CPU.Build.0 = Release|Any CPU
		{4F6D9DE3-C1E9-485C-946D-6B890D2141FD}.Debug|Any CPU.ActiveCfg = Debug|Any CPU
		{4F6D9DE3-C1E9-485C-946D-6B890D2141FD}.Debug|Any CPU.Build.0 = Debug|Any CPU
		{4F6D9DE3-C1E9-485C-946D-6B890D2141FD}.Release|Any CPU.ActiveCfg = Release|Any CPU
		{4F6D9DE3-C1E9-485C-946D-6B890D2141FD}.Release|Any CPU.Build.0 = Release|Any CPU
		{2AAE616B-5034-4288-B14A-8D1F8EF284AE}.Debug|Any CPU.ActiveCfg = Debug|Any CPU
		{2AAE616B-5034-4288-B14A-8D1F8EF284AE}.Debug|Any CPU.Build.0 = Debug|Any CPU
		{2AAE616B-5034-4288-B14A-8D1F8EF284AE}.Release|Any CPU.ActiveCfg = Release|Any CPU
		{2AAE616B-5034-4288-B14A-8D1F8EF284AE}.Release|Any CPU.Build.0 = Release|Any CPU
		{C37468FF-CBE0-49F8-A1E9-D5B8F0A22A21}.Debug|Any CPU.ActiveCfg = Debug|Any CPU
		{C37468FF-CBE0-49F8-A1E9-D5B8F0A22A21}.Debug|Any CPU.Build.0 = Debug|Any CPU
		{C37468FF-CBE0-49F8-A1E9-D5B8F0A22A21}.Release|Any CPU.ActiveCfg = Release|Any CPU
		{C37468FF-CBE0-49F8-A1E9-D5B8F0A22A21}.Release|Any CPU.Build.0 = Release|Any CPU
		{129BA8CB-80BB-42D0-8E43-45A2AAF8BD47}.Debug|Any CPU.ActiveCfg = Debug|Any CPU
		{129BA8CB-80BB-42D0-8E43-45A2AAF8BD47}.Debug|Any CPU.Build.0 = Debug|Any CPU
		{129BA8CB-80BB-42D0-8E43-45A2AAF8BD47}.Release|Any CPU.ActiveCfg = Release|Any CPU
		{129BA8CB-80BB-42D0-8E43-45A2AAF8BD47}.Release|Any CPU.Build.0 = Release|Any CPU
		{2B4287AE-FCC2-4167-BCAE-8ED7A82A5E6B}.Debug|Any CPU.ActiveCfg = Debug|Any CPU
		{2B4287AE-FCC2-4167-BCAE-8ED7A82A5E6B}.Debug|Any CPU.Build.0 = Debug|Any CPU
		{2B4287AE-FCC2-4167-BCAE-8ED7A82A5E6B}.Release|Any CPU.ActiveCfg = Release|Any CPU
		{2B4287AE-FCC2-4167-BCAE-8ED7A82A5E6B}.Release|Any CPU.Build.0 = Release|Any CPU
		{4557EF65-9089-4163-B645-62FDD2BE2889}.Debug|Any CPU.ActiveCfg = Debug|Any CPU
		{4557EF65-9089-4163-B645-62FDD2BE2889}.Debug|Any CPU.Build.0 = Debug|Any CPU
		{4557EF65-9089-4163-B645-62FDD2BE2889}.Release|Any CPU.ActiveCfg = Release|Any CPU
		{4557EF65-9089-4163-B645-62FDD2BE2889}.Release|Any CPU.Build.0 = Release|Any CPU
		{2240019F-11B1-4152-B14D-1A63E0881A24}.Debug|Any CPU.ActiveCfg = Debug|Any CPU
		{2240019F-11B1-4152-B14D-1A63E0881A24}.Debug|Any CPU.Build.0 = Debug|Any CPU
		{2240019F-11B1-4152-B14D-1A63E0881A24}.Release|Any CPU.ActiveCfg = Release|Any CPU
		{2240019F-11B1-4152-B14D-1A63E0881A24}.Release|Any CPU.Build.0 = Release|Any CPU
	EndGlobalSection
	GlobalSection(SolutionProperties) = preSolution
		HideSolutionNode = FALSE
	EndGlobalSection
	GlobalSection(NestedProjects) = preSolution
		{520C1C0C-4A14-4293-9A10-52F41DEDBE72} = {F84A8C13-B255-4A6C-8879-DA20D44C3D83}
		{86C199AA-775F-452D-A197-C183AB9C8A66} = {F84A8C13-B255-4A6C-8879-DA20D44C3D83}
		{EA0B58F8-FE6C-42C4-96AE-729833F3FDA3} = {520C1C0C-4A14-4293-9A10-52F41DEDBE72}
		{4F6D9DE3-C1E9-485C-946D-6B890D2141FD} = {3CBAAE7A-5439-4D24-93D8-D218A6B0FC91}
		{2AAE616B-5034-4288-B14A-8D1F8EF284AE} = {3CBAAE7A-5439-4D24-93D8-D218A6B0FC91}
		{3CBAAE7A-5439-4D24-93D8-D218A6B0FC91} = {F84A8C13-B255-4A6C-8879-DA20D44C3D83}
		{C37468FF-CBE0-49F8-A1E9-D5B8F0A22A21} = {3CBAAE7A-5439-4D24-93D8-D218A6B0FC91}
		{129BA8CB-80BB-42D0-8E43-45A2AAF8BD47} = {3CBAAE7A-5439-4D24-93D8-D218A6B0FC91}
		{2B4287AE-FCC2-4167-BCAE-8ED7A82A5E6B} = {28219C84-F8BE-4F58-B13F-23C096176D93}
		{4557EF65-9089-4163-B645-62FDD2BE2889} = {520C1C0C-4A14-4293-9A10-52F41DEDBE72}
		{2240019F-11B1-4152-B14D-1A63E0881A24} = {520C1C0C-4A14-4293-9A10-52F41DEDBE72}
	EndGlobalSection
	GlobalSection(ExtensibilityGlobals) = postSolution
		SolutionGuid = {7C123C26-10AC-47EA-B943-4B87C607E025}
	EndGlobalSection
EndGlobal
